
Microsoft Visual Studio Solution File, Format Version 12.00
# Visual Studio Version 16
VisualStudioVersion = 16.0.30804.86
MinimumVisualStudioVersion = 10.0.40219.1
Project("{FAE04EC0-301F-11D3-BF4B-00C04F79EFBC}") = "GeebeeShippingSolutions", "GeebeeShippingSolutions\GeebeeShippingSolutions.csproj", "{7BE5C832-1EB2-41D4-AAA6-F1DD679E53F2}"
EndProject
Global
	GlobalSection(SolutionConfigurationPlatforms) = preSolution
		Debug|Any CPU = Debug|Any CPU
		Release|Any CPU = Release|Any CPU
	EndGlobalSection
	GlobalSection(ProjectConfigurationPlatforms) = postSolution
		{7BE5C832-1EB2-41D4-AAA6-F1DD679E53F2}.Debug|Any CPU.ActiveCfg = Debug|Any CPU
		{7BE5C832-1EB2-41D4-AAA6-F1DD679E53F2}.Debug|Any CPU.Build.0 = Debug|Any CPU
		{7BE5C832-1EB2-41D4-AAA6-F1DD679E53F2}.Release|Any CPU.ActiveCfg = Release|Any CPU
		{7BE5C832-1EB2-41D4-AAA6-F1DD679E53F2}.Release|Any CPU.Build.0 = Release|Any CPU
	EndGlobalSection
	GlobalSection(SolutionProperties) = preSolution
		HideSolutionNode = FALSE
	EndGlobalSection
	GlobalSection(ExtensibilityGlobals) = postSolution
		SolutionGuid = {EA65DA4F-9BBB-49BC-82E0-01823D78F80F}
	EndGlobalSection
EndGlobal
